
Microsoft Visual Studio Solution File, Format Version 12.00
# Visual Studio Version 17
VisualStudioVersion = 17.9.34616.47
MinimumVisualStudioVersion = 10.0.40219.1
Project("{FAE04EC0-301F-11D3-BF4B-00C04F79EFBC}") = "BlogsCodeFirst", "BlogsCodeFirst.csproj", "{2C48CCD3-CA07-4967-AD55-67709670D84A}"
EndProject
Global
	GlobalSection(SolutionConfigurationPlatforms) = preSolution
		Debug|Any CPU = Debug|Any CPU
		Release|Any CPU = Release|Any CPU
	EndGlobalSection
	GlobalSection(ProjectConfigurationPlatforms) = postSolution
		{2C48CCD3-CA07-4967-AD55-67709670D84A}.Debug|Any CPU.ActiveCfg = Debug|Any CPU
		{2C48CCD3-CA07-4967-AD55-67709670D84A}.Debug|Any CPU.Build.0 = Debug|Any CPU
		{2C48CCD3-CA07-4967-AD55-67709670D84A}.Release|Any CPU.ActiveCfg = Release|Any CPU
		{2C48CCD3-CA07-4967-AD55-67709670D84A}.Release|Any CPU.Build.0 = Release|Any CPU
	EndGlobalSection
	GlobalSection(SolutionProperties) = preSolution
		HideSolutionNode = FALSE
	EndGlobalSection
	GlobalSection(ExtensibilityGlobals) = postSolution
		SolutionGuid = {87099420-1385-4340-A168-4C2A5CCFA728}
	EndGlobalSection
EndGlobal
